
Microsoft Visual Studio Solution File, Format Version 12.00
# Visual Studio Version 16
VisualStudioVersion = 16.0.29424.173
MinimumVisualStudioVersion = 10.0.40219.1
Project("{9A19103F-16F7-4668-BE54-9A1E7A4F7556}") = "AnyJob.Engine", "src\AnyJob.Engine\AnyJob.Engine.csproj", "{144A3A46-DCC8-42B6-BB91-D2495A6DC474}"
EndProject
Project("{9A19103F-16F7-4668-BE54-9A1E7A4F7556}") = "AnyJob.Runner.Workflow", "src\AnyJob.Runner.Workflow\AnyJob.Runner.Workflow.csproj", "{F798D9BD-EAB6-41CA-B1DC-5E86730E568E}"
EndProject
Project("{9A19103F-16F7-4668-BE54-9A1E7A4F7556}") = "AnyJob.Runner.Intent", "src\AnyJob.Runner.Intent\AnyJob.Runner.Intent.csproj", "{D795DDCB-B616-4369-A7A1-8183F76E695D}"
EndProject
Project("{2150E333-8FDC-42A3-9474-1A3956D46DE8}") = "test", "test", "{B03DEFA0-9B4F-4E7D-A298-CA733B693E39}"
EndProject
Project("{9A19103F-16F7-4668-BE54-9A1E7A4F7556}") = "AnyJob.Engine.UnitTest", "test\AnyJob.Engine.UnitTest\AnyJob.Engine.UnitTest.csproj", "{73557B1E-F612-4951-BD65-9DF8FB061E34}"
EndProject
Project("{9A19103F-16F7-4668-BE54-9A1E7A4F7556}") = "AnyJob.Runner.Process", "src\AnyJob.Runner.Process\AnyJob.Runner.Process.csproj", "{DCCFBC58-BDF6-4943-B4BD-E0E6CF9A5417}"
EndProject
Project("{9A19103F-16F7-4668-BE54-9A1E7A4F7556}") = "AnyJob.Runner.Process.UnitTest", "test\AnyJob.Runner.Process.UnitTest\AnyJob.Runner.Process.UnitTest.csproj", "{32C50DB6-BBDC-48FD-BEBD-70D19BC69020}"
EndProject
Project("{9A19103F-16F7-4668-BE54-9A1E7A4F7556}") = "AnyJob.Runner.App", "src\AnyJob.Runner.App\AnyJob.Runner.App.csproj", "{A1DF8275-9FB8-4CE4-B396-209E3EB78859}"
EndProject
Project("{9A19103F-16F7-4668-BE54-9A1E7A4F7556}") = "AnyJob.Runner.App.UnitTest", "test\AnyJob.Runner.App.UnitTest\AnyJob.Runner.App.UnitTest.csproj", "{0AE7871D-68BA-4A20-AE9A-BA3B5157B843}"
EndProject
Project("{9A19103F-16F7-4668-BE54-9A1E7A4F7556}") = "AnyJob.Runner.Node", "src\AnyJob.Runner.Node\AnyJob.Runner.Node.csproj", "{6603AD3D-7F66-476E-9B40-15B36A5459DA}"
EndProject
Project("{9A19103F-16F7-4668-BE54-9A1E7A4F7556}") = "AnyJob.Runner.Node.UnitTest", "test\AnyJob.Runner.Node.UnitTest\AnyJob.Runner.Node.UnitTest.csproj", "{0434C434-D90B-485C-BE6A-69B8648034F4}"
EndProject
Project("{9A19103F-16F7-4668-BE54-9A1E7A4F7556}") = "AnyJob.Runner.Python", "src\AnyJob.Runner.Python\AnyJob.Runner.Python.csproj", "{2202F98D-9C2D-47ED-B2DB-2187A5D89E32}"
EndProject
Project("{9A19103F-16F7-4668-BE54-9A1E7A4F7556}") = "AnyJob.Runner.Python.UnitTest", "test\AnyJob.Runner.Python.UnitTest\AnyJob.Runner.Python.UnitTest.csproj", "{2F9B3462-C39E-4F50-A5B3-B62AA7D07B0D}"
EndProject
Project("{9A19103F-16F7-4668-BE54-9A1E7A4F7556}") = "AnyJob.Runner.Java", "src\AnyJob.Runner.Java\AnyJob.Runner.Java.csproj", "{419B76BF-DC8B-44CE-A676-36729AB743A4}"
EndProject
Project("{2150E333-8FDC-42A3-9474-1A3956D46DE8}") = "src", "src", "{7E0DE3AA-869B-4B6D-8C29-B5B676FA91D7}"
EndProject
Project("{9A19103F-16F7-4668-BE54-9A1E7A4F7556}") = "AnyJob.Runner.Golang", "src\AnyJob.Runner.Golang\AnyJob.Runner.Golang.csproj", "{5067BD5A-D7BC-4E8F-A067-FBFD42A78723}"
EndProject
Project("{9A19103F-16F7-4668-BE54-9A1E7A4F7556}") = "AnyJob.Runner.Python.IntegrationTest", "test\AnyJob.Runner.Python.IntegrationTest\AnyJob.Runner.Python.IntegrationTest.csproj", "{6FD73D61-8F95-4849-AC9E-749BA2DD2041}"
EndProject
Project("{2150E333-8FDC-42A3-9474-1A3956D46DE8}") = "python", "python", "{9C16D500-CDB8-11EA-A30B-77F4DD7609A1}"
EndProject
Project("{2150E333-8FDC-42A3-9474-1A3956D46DE8}") = "node", "node", "{9E74AC90-CEF4-11EA-80EC-4317DED4C962}"
EndProject
Project("{9A19103F-16F7-4668-BE54-9A1E7A4F7556}") = "AnyJob.Runner.Node.IntegrationTest", "test\AnyJob.Runner.Node.IntegrationTest\AnyJob.Runner.Node.IntegrationTest.csproj", "{6203CE32-F36A-4AF7-BBB6-A0144B367E3A}"
EndProject
Project("{2150E333-8FDC-42A3-9474-1A3956D46DE8}") = "app", "app", "{8B9E17E4-AFAC-4811-A78B-F6E56339EDB0}"
EndProject
Project("{9A19103F-16F7-4668-BE54-9A1E7A4F7556}") = "AnyJob.Runner.App.IntegrationTest", "test\AnyJob.Runner.App.IntegrationTest\AnyJob.Runner.App.IntegrationTest.csproj", "{FACCDEE2-7E9C-429F-86CA-CFB1E2C41BD9}"
EndProject
Project("{9A19103F-16F7-4668-BE54-9A1E7A4F7556}") = "AnyJob.Runner.NetCore", "src\AnyJob.Runner.NetCore\AnyJob.Runner.NetCore.csproj", "{E50D131C-EAFA-4489-B14E-8B5D220B4753}"
	ProjectSection(ProjectDependencies) = postProject
		{3374EB89-5549-4283-BC38-8FA237546814} = {3374EB89-5549-4283-BC38-8FA237546814}
	EndProjectSection
EndProject
Project("{2150E333-8FDC-42A3-9474-1A3956D46DE8}") = "netcore", "netcore", "{D3232950-1EAE-40E6-98DB-D4CF22BF893F}"
EndProject
Project("{9A19103F-16F7-4668-BE54-9A1E7A4F7556}") = "AnyJob.Runner.NetCore.IntegrationTest", "test\AnyJob.Runner.NetCore.IntegrationTest\AnyJob.Runner.NetCore.IntegrationTest.csproj", "{44413635-97BC-418A-A6DC-5401DDE033F1}"
	ProjectSection(ProjectDependencies) = postProject
		{839C9BED-7034-4205-A258-2DEB84078150} = {839C9BED-7034-4205-A258-2DEB84078150}
	EndProjectSection
EndProject
Project("{9A19103F-16F7-4668-BE54-9A1E7A4F7556}") = "AnyJob.NetCore.Demo", "example\AnyJob.NetCore.Demo\AnyJob.NetCore.Demo.csproj", "{839C9BED-7034-4205-A258-2DEB84078150}"
EndProject
Project("{2150E333-8FDC-42A3-9474-1A3956D46DE8}") = "example", "example", "{AB642BE0-CF55-11EA-8FB7-27BC7BBA8417}"
EndProject
Project("{2150E333-8FDC-42A3-9474-1A3956D46DE8}") = "workflow", "workflow", "{823642F0-D01B-11EA-B37A-416C58322FFD}"
EndProject
Project("{9A19103F-16F7-4668-BE54-9A1E7A4F7556}") = "AnyJob.Runner.Workflow.IntegrationTest", "test\AnyJob.Runner.Workflow.IntegrationTest\AnyJob.Runner.Workflow.IntegrationTest.csproj", "{0384E268-651F-4226-8D7A-62F7FE489DC8}"
EndProject
Project("{9A19103F-16F7-4668-BE54-9A1E7A4F7556}") = "AnyJob.CLI", "tool\AnyJob.CLI\AnyJob.CLI.csproj", "{3BB9313D-7EB8-4B20-AD5F-7744207149F5}"
EndProject
Project("{2150E333-8FDC-42A3-9474-1A3956D46DE8}") = "tool", "tool", "{53A41B58-4E95-4EA1-A844-C7CD0F7D9C22}"
EndProject
Project("{9A19103F-16F7-4668-BE54-9A1E7A4F7556}") = "AnyJob.Runner.Advance", "src\AnyJob.Runner.Advance\AnyJob.Runner.Advance.csproj", "{874F98BB-47D2-449E-A5FC-41EA24D759A8}"
EndProject
Project("{2150E333-8FDC-42A3-9474-1A3956D46DE8}") = "advance", "advance", "{4D2BE62D-6E8A-46D0-B5D7-68FE5337D8BB}"
EndProject
Project("{9A19103F-16F7-4668-BE54-9A1E7A4F7556}") = "AnyJob.Runner.Advance.IntegrationTest", "test\AnyJob.Runner.Advance.IntegrationTest\AnyJob.Runner.Advance.IntegrationTest.csproj", "{1B60F957-5182-466D-B89A-D5ADCA65CF99}"
	ProjectSection(ProjectDependencies) = postProject
		{3DF8BE5B-5545-47AF-A01B-A1EFFD53C76A} = {3DF8BE5B-5545-47AF-A01B-A1EFFD53C76A}
	EndProjectSection
EndProject
Project("{9A19103F-16F7-4668-BE54-9A1E7A4F7556}") = "AnyJob.Advance.Demo", "example\AnyJob.Advance.Demo\AnyJob.Advance.Demo.csproj", "{3DF8BE5B-5545-47AF-A01B-A1EFFD53C76A}"
EndProject
Project("{9A19103F-16F7-4668-BE54-9A1E7A4F7556}") = "AnyJob.Runner.NetCore.Wrapper", "src\AnyJob.Runner.NetCore.Wrapper\AnyJob.Runner.NetCore.Wrapper.csproj", "{3374EB89-5549-4283-BC38-8FA237546814}"
EndProject
Project("{2150E333-8FDC-42A3-9474-1A3956D46DE8}") = "java", "java", "{D58896F0-D79C-11EA-809F-C9D3A094A2C6}"
EndProject
Project("{9A19103F-16F7-4668-BE54-9A1E7A4F7556}") = "AnyJob.Runner.Java.IntegrationTest", "test\AnyJob.Runner.Java.IntegrationTest\AnyJob.Runner.Java.IntegrationTest.csproj", "{83F2E320-0BFE-4220-84E9-F592C522DA22}"
EndProject
Project("{FAE04EC0-301F-11D3-BF4B-00C04F79EFBC}") = "AnyJob.Runner.Internal", "src\AnyJob.Runner.Internal\AnyJob.Runner.Internal.csproj", "{3FEA6ADA-9766-40CA-8863-492ED83BC437}"
EndProject
Project("{2150E333-8FDC-42A3-9474-1A3956D46DE8}") = "internal", "internal", "{F5C473D5-14B9-4D8A-A37D-CE20AEB0ABB8}"
EndProject
Project("{FAE04EC0-301F-11D3-BF4B-00C04F79EFBC}") = "AnyJob.Runner.Internal.IntegrationTest", "test\AnyJob.Runner.Internal.IntegrationTest\AnyJob.Runner.Internal.IntegrationTest.csproj", "{4E24B1CD-0A8C-4118-91CF-DF9AE933E8D4}"
EndProject
Global
	GlobalSection(SolutionConfigurationPlatforms) = preSolution
		Debug|Any CPU = Debug|Any CPU
		Release|Any CPU = Release|Any CPU
	EndGlobalSection
	GlobalSection(ProjectConfigurationPlatforms) = postSolution
		{144A3A46-DCC8-42B6-BB91-D2495A6DC474}.Debug|Any CPU.ActiveCfg = Debug|Any CPU
		{144A3A46-DCC8-42B6-BB91-D2495A6DC474}.Debug|Any CPU.Build.0 = Debug|Any CPU
		{144A3A46-DCC8-42B6-BB91-D2495A6DC474}.Release|Any CPU.ActiveCfg = Release|Any CPU
		{144A3A46-DCC8-42B6-BB91-D2495A6DC474}.Release|Any CPU.Build.0 = Release|Any CPU
		{F798D9BD-EAB6-41CA-B1DC-5E86730E568E}.Debug|Any CPU.ActiveCfg = Debug|Any CPU
		{F798D9BD-EAB6-41CA-B1DC-5E86730E568E}.Debug|Any CPU.Build.0 = Debug|Any CPU
		{F798D9BD-EAB6-41CA-B1DC-5E86730E568E}.Release|Any CPU.ActiveCfg = Release|Any CPU
		{F798D9BD-EAB6-41CA-B1DC-5E86730E568E}.Release|Any CPU.Build.0 = Release|Any CPU
		{D795DDCB-B616-4369-A7A1-8183F76E695D}.Debug|Any CPU.ActiveCfg = Debug|Any CPU
		{D795DDCB-B616-4369-A7A1-8183F76E695D}.Debug|Any CPU.Build.0 = Debug|Any CPU
		{D795DDCB-B616-4369-A7A1-8183F76E695D}.Release|Any CPU.ActiveCfg = Release|Any CPU
		{D795DDCB-B616-4369-A7A1-8183F76E695D}.Release|Any CPU.Build.0 = Release|Any CPU
		{73557B1E-F612-4951-BD65-9DF8FB061E34}.Debug|Any CPU.ActiveCfg = Debug|Any CPU
		{73557B1E-F612-4951-BD65-9DF8FB061E34}.Debug|Any CPU.Build.0 = Debug|Any CPU
		{73557B1E-F612-4951-BD65-9DF8FB061E34}.Release|Any CPU.ActiveCfg = Release|Any CPU
		{73557B1E-F612-4951-BD65-9DF8FB061E34}.Release|Any CPU.Build.0 = Release|Any CPU
		{DCCFBC58-BDF6-4943-B4BD-E0E6CF9A5417}.Debug|Any CPU.ActiveCfg = Debug|Any CPU
		{DCCFBC58-BDF6-4943-B4BD-E0E6CF9A5417}.Debug|Any CPU.Build.0 = Debug|Any CPU
		{DCCFBC58-BDF6-4943-B4BD-E0E6CF9A5417}.Release|Any CPU.ActiveCfg = Release|Any CPU
		{DCCFBC58-BDF6-4943-B4BD-E0E6CF9A5417}.Release|Any CPU.Build.0 = Release|Any CPU
		{32C50DB6-BBDC-48FD-BEBD-70D19BC69020}.Debug|Any CPU.ActiveCfg = Debug|Any CPU
		{32C50DB6-BBDC-48FD-BEBD-70D19BC69020}.Debug|Any CPU.Build.0 = Debug|Any CPU
		{32C50DB6-BBDC-48FD-BEBD-70D19BC69020}.Release|Any CPU.ActiveCfg = Release|Any CPU
		{32C50DB6-BBDC-48FD-BEBD-70D19BC69020}.Release|Any CPU.Build.0 = Release|Any CPU
		{A1DF8275-9FB8-4CE4-B396-209E3EB78859}.Debug|Any CPU.ActiveCfg = Debug|Any CPU
		{A1DF8275-9FB8-4CE4-B396-209E3EB78859}.Debug|Any CPU.Build.0 = Debug|Any CPU
		{A1DF8275-9FB8-4CE4-B396-209E3EB78859}.Release|Any CPU.ActiveCfg = Release|Any CPU
		{A1DF8275-9FB8-4CE4-B396-209E3EB78859}.Release|Any CPU.Build.0 = Release|Any CPU
		{0AE7871D-68BA-4A20-AE9A-BA3B5157B843}.Debug|Any CPU.ActiveCfg = Debug|Any CPU
		{0AE7871D-68BA-4A20-AE9A-BA3B5157B843}.Debug|Any CPU.Build.0 = Debug|Any CPU
		{0AE7871D-68BA-4A20-AE9A-BA3B5157B843}.Release|Any CPU.ActiveCfg = Release|Any CPU
		{0AE7871D-68BA-4A20-AE9A-BA3B5157B843}.Release|Any CPU.Build.0 = Release|Any CPU
		{6603AD3D-7F66-476E-9B40-15B36A5459DA}.Debug|Any CPU.ActiveCfg = Debug|Any CPU
		{6603AD3D-7F66-476E-9B40-15B36A5459DA}.Debug|Any CPU.Build.0 = Debug|Any CPU
		{6603AD3D-7F66-476E-9B40-15B36A5459DA}.Release|Any CPU.ActiveCfg = Release|Any CPU
		{6603AD3D-7F66-476E-9B40-15B36A5459DA}.Release|Any CPU.Build.0 = Release|Any CPU
		{0434C434-D90B-485C-BE6A-69B8648034F4}.Debug|Any CPU.ActiveCfg = Debug|Any CPU
		{0434C434-D90B-485C-BE6A-69B8648034F4}.Debug|Any CPU.Build.0 = Debug|Any CPU
		{0434C434-D90B-485C-BE6A-69B8648034F4}.Release|Any CPU.ActiveCfg = Release|Any CPU
		{0434C434-D90B-485C-BE6A-69B8648034F4}.Release|Any CPU.Build.0 = Release|Any CPU
		{2202F98D-9C2D-47ED-B2DB-2187A5D89E32}.Debug|Any CPU.ActiveCfg = Debug|Any CPU
		{2202F98D-9C2D-47ED-B2DB-2187A5D89E32}.Debug|Any CPU.Build.0 = Debug|Any CPU
		{2202F98D-9C2D-47ED-B2DB-2187A5D89E32}.Release|Any CPU.ActiveCfg = Release|Any CPU
		{2202F98D-9C2D-47ED-B2DB-2187A5D89E32}.Release|Any CPU.Build.0 = Release|Any CPU
		{2F9B3462-C39E-4F50-A5B3-B62AA7D07B0D}.Debug|Any CPU.ActiveCfg = Debug|Any CPU
		{2F9B3462-C39E-4F50-A5B3-B62AA7D07B0D}.Debug|Any CPU.Build.0 = Debug|Any CPU
		{2F9B3462-C39E-4F50-A5B3-B62AA7D07B0D}.Release|Any CPU.ActiveCfg = Release|Any CPU
		{2F9B3462-C39E-4F50-A5B3-B62AA7D07B0D}.Release|Any CPU.Build.0 = Release|Any CPU
		{419B76BF-DC8B-44CE-A676-36729AB743A4}.Debug|Any CPU.ActiveCfg = Debug|Any CPU
		{419B76BF-DC8B-44CE-A676-36729AB743A4}.Debug|Any CPU.Build.0 = Debug|Any CPU
		{419B76BF-DC8B-44CE-A676-36729AB743A4}.Release|Any CPU.ActiveCfg = Release|Any CPU
		{419B76BF-DC8B-44CE-A676-36729AB743A4}.Release|Any CPU.Build.0 = Release|Any CPU
		{5067BD5A-D7BC-4E8F-A067-FBFD42A78723}.Debug|Any CPU.ActiveCfg = Debug|Any CPU
		{5067BD5A-D7BC-4E8F-A067-FBFD42A78723}.Debug|Any CPU.Build.0 = Debug|Any CPU
		{5067BD5A-D7BC-4E8F-A067-FBFD42A78723}.Release|Any CPU.ActiveCfg = Release|Any CPU
		{5067BD5A-D7BC-4E8F-A067-FBFD42A78723}.Release|Any CPU.Build.0 = Release|Any CPU
		{6FD73D61-8F95-4849-AC9E-749BA2DD2041}.Debug|Any CPU.ActiveCfg = Debug|Any CPU
		{6FD73D61-8F95-4849-AC9E-749BA2DD2041}.Debug|Any CPU.Build.0 = Debug|Any CPU
		{6FD73D61-8F95-4849-AC9E-749BA2DD2041}.Release|Any CPU.ActiveCfg = Release|Any CPU
		{6FD73D61-8F95-4849-AC9E-749BA2DD2041}.Release|Any CPU.Build.0 = Release|Any CPU
		{6203CE32-F36A-4AF7-BBB6-A0144B367E3A}.Debug|Any CPU.ActiveCfg = Debug|Any CPU
		{6203CE32-F36A-4AF7-BBB6-A0144B367E3A}.Debug|Any CPU.Build.0 = Debug|Any CPU
		{6203CE32-F36A-4AF7-BBB6-A0144B367E3A}.Release|Any CPU.ActiveCfg = Release|Any CPU
		{6203CE32-F36A-4AF7-BBB6-A0144B367E3A}.Release|Any CPU.Build.0 = Release|Any CPU
		{FACCDEE2-7E9C-429F-86CA-CFB1E2C41BD9}.Debug|Any CPU.ActiveCfg = Debug|Any CPU
		{FACCDEE2-7E9C-429F-86CA-CFB1E2C41BD9}.Debug|Any CPU.Build.0 = Debug|Any CPU
		{FACCDEE2-7E9C-429F-86CA-CFB1E2C41BD9}.Release|Any CPU.ActiveCfg = Release|Any CPU
		{FACCDEE2-7E9C-429F-86CA-CFB1E2C41BD9}.Release|Any CPU.Build.0 = Release|Any CPU
		{E50D131C-EAFA-4489-B14E-8B5D220B4753}.Debug|Any CPU.ActiveCfg = Debug|Any CPU
		{E50D131C-EAFA-4489-B14E-8B5D220B4753}.Debug|Any CPU.Build.0 = Debug|Any CPU
		{E50D131C-EAFA-4489-B14E-8B5D220B4753}.Release|Any CPU.ActiveCfg = Release|Any CPU
		{E50D131C-EAFA-4489-B14E-8B5D220B4753}.Release|Any CPU.Build.0 = Release|Any CPU
		{44413635-97BC-418A-A6DC-5401DDE033F1}.Debug|Any CPU.ActiveCfg = Debug|Any CPU
		{44413635-97BC-418A-A6DC-5401DDE033F1}.Debug|Any CPU.Build.0 = Debug|Any CPU
		{44413635-97BC-418A-A6DC-5401DDE033F1}.Release|Any CPU.ActiveCfg = Release|Any CPU
		{44413635-97BC-418A-A6DC-5401DDE033F1}.Release|Any CPU.Build.0 = Release|Any CPU
		{839C9BED-7034-4205-A258-2DEB84078150}.Debug|Any CPU.ActiveCfg = Debug|Any CPU
		{839C9BED-7034-4205-A258-2DEB84078150}.Debug|Any CPU.Build.0 = Debug|Any CPU
		{839C9BED-7034-4205-A258-2DEB84078150}.Release|Any CPU.ActiveCfg = Release|Any CPU
		{839C9BED-7034-4205-A258-2DEB84078150}.Release|Any CPU.Build.0 = Release|Any CPU
		{0384E268-651F-4226-8D7A-62F7FE489DC8}.Debug|Any CPU.ActiveCfg = Debug|Any CPU
		{0384E268-651F-4226-8D7A-62F7FE489DC8}.Debug|Any CPU.Build.0 = Debug|Any CPU
		{0384E268-651F-4226-8D7A-62F7FE489DC8}.Release|Any CPU.ActiveCfg = Release|Any CPU
		{0384E268-651F-4226-8D7A-62F7FE489DC8}.Release|Any CPU.Build.0 = Release|Any CPU
		{3BB9313D-7EB8-4B20-AD5F-7744207149F5}.Debug|Any CPU.ActiveCfg = Debug|Any CPU
		{3BB9313D-7EB8-4B20-AD5F-7744207149F5}.Debug|Any CPU.Build.0 = Debug|Any CPU
		{3BB9313D-7EB8-4B20-AD5F-7744207149F5}.Release|Any CPU.ActiveCfg = Release|Any CPU
		{3BB9313D-7EB8-4B20-AD5F-7744207149F5}.Release|Any CPU.Build.0 = Release|Any CPU
		{874F98BB-47D2-449E-A5FC-41EA24D759A8}.Debug|Any CPU.ActiveCfg = Debug|Any CPU
		{874F98BB-47D2-449E-A5FC-41EA24D759A8}.Debug|Any CPU.Build.0 = Debug|Any CPU
		{874F98BB-47D2-449E-A5FC-41EA24D759A8}.Release|Any CPU.ActiveCfg = Release|Any CPU
		{874F98BB-47D2-449E-A5FC-41EA24D759A8}.Release|Any CPU.Build.0 = Release|Any CPU
		{1B60F957-5182-466D-B89A-D5ADCA65CF99}.Debug|Any CPU.ActiveCfg = Debug|Any CPU
		{1B60F957-5182-466D-B89A-D5ADCA65CF99}.Debug|Any CPU.Build.0 = Debug|Any CPU
		{1B60F957-5182-466D-B89A-D5ADCA65CF99}.Release|Any CPU.ActiveCfg = Release|Any CPU
		{1B60F957-5182-466D-B89A-D5ADCA65CF99}.Release|Any CPU.Build.0 = Release|Any CPU
		{3DF8BE5B-5545-47AF-A01B-A1EFFD53C76A}.Debug|Any CPU.ActiveCfg = Debug|Any CPU
		{3DF8BE5B-5545-47AF-A01B-A1EFFD53C76A}.Debug|Any CPU.Build.0 = Debug|Any CPU
		{3DF8BE5B-5545-47AF-A01B-A1EFFD53C76A}.Release|Any CPU.ActiveCfg = Release|Any CPU
		{3DF8BE5B-5545-47AF-A01B-A1EFFD53C76A}.Release|Any CPU.Build.0 = Release|Any CPU
		{3374EB89-5549-4283-BC38-8FA237546814}.Debug|Any CPU.ActiveCfg = Debug|Any CPU
		{3374EB89-5549-4283-BC38-8FA237546814}.Debug|Any CPU.Build.0 = Debug|Any CPU
		{3374EB89-5549-4283-BC38-8FA237546814}.Release|Any CPU.ActiveCfg = Release|Any CPU
		{3374EB89-5549-4283-BC38-8FA237546814}.Release|Any CPU.Build.0 = Release|Any CPU
		{83F2E320-0BFE-4220-84E9-F592C522DA22}.Debug|Any CPU.ActiveCfg = Debug|Any CPU
		{83F2E320-0BFE-4220-84E9-F592C522DA22}.Debug|Any CPU.Build.0 = Debug|Any CPU
		{83F2E320-0BFE-4220-84E9-F592C522DA22}.Release|Any CPU.ActiveCfg = Release|Any CPU
		{83F2E320-0BFE-4220-84E9-F592C522DA22}.Release|Any CPU.Build.0 = Release|Any CPU
		{3FEA6ADA-9766-40CA-8863-492ED83BC437}.Debug|Any CPU.ActiveCfg = Debug|Any CPU
		{3FEA6ADA-9766-40CA-8863-492ED83BC437}.Debug|Any CPU.Build.0 = Debug|Any CPU
		{3FEA6ADA-9766-40CA-8863-492ED83BC437}.Release|Any CPU.ActiveCfg = Release|Any CPU
		{3FEA6ADA-9766-40CA-8863-492ED83BC437}.Release|Any CPU.Build.0 = Release|Any CPU
		{4E24B1CD-0A8C-4118-91CF-DF9AE933E8D4}.Debug|Any CPU.ActiveCfg = Debug|Any CPU
		{4E24B1CD-0A8C-4118-91CF-DF9AE933E8D4}.Debug|Any CPU.Build.0 = Debug|Any CPU
		{4E24B1CD-0A8C-4118-91CF-DF9AE933E8D4}.Release|Any CPU.ActiveCfg = Release|Any CPU
		{4E24B1CD-0A8C-4118-91CF-DF9AE933E8D4}.Release|Any CPU.Build.0 = Release|Any CPU
	EndGlobalSection
	GlobalSection(SolutionProperties) = preSolution
		HideSolutionNode = FALSE
	EndGlobalSection
	GlobalSection(NestedProjects) = preSolution
		{144A3A46-DCC8-42B6-BB91-D2495A6DC474} = {7E0DE3AA-869B-4B6D-8C29-B5B676FA91D7}
		{F798D9BD-EAB6-41CA-B1DC-5E86730E568E} = {7E0DE3AA-869B-4B6D-8C29-B5B676FA91D7}
		{D795DDCB-B616-4369-A7A1-8183F76E695D} = {7E0DE3AA-869B-4B6D-8C29-B5B676FA91D7}
		{73557B1E-F612-4951-BD65-9DF8FB061E34} = {B03DEFA0-9B4F-4E7D-A298-CA733B693E39}
		{DCCFBC58-BDF6-4943-B4BD-E0E6CF9A5417} = {7E0DE3AA-869B-4B6D-8C29-B5B676FA91D7}
		{32C50DB6-BBDC-48FD-BEBD-70D19BC69020} = {B03DEFA0-9B4F-4E7D-A298-CA733B693E39}
		{A1DF8275-9FB8-4CE4-B396-209E3EB78859} = {7E0DE3AA-869B-4B6D-8C29-B5B676FA91D7}
		{0AE7871D-68BA-4A20-AE9A-BA3B5157B843} = {8B9E17E4-AFAC-4811-A78B-F6E56339EDB0}
		{6603AD3D-7F66-476E-9B40-15B36A5459DA} = {7E0DE3AA-869B-4B6D-8C29-B5B676FA91D7}
		{0434C434-D90B-485C-BE6A-69B8648034F4} = {9E74AC90-CEF4-11EA-80EC-4317DED4C962}
		{2202F98D-9C2D-47ED-B2DB-2187A5D89E32} = {7E0DE3AA-869B-4B6D-8C29-B5B676FA91D7}
		{2F9B3462-C39E-4F50-A5B3-B62AA7D07B0D} = {9C16D500-CDB8-11EA-A30B-77F4DD7609A1}
		{419B76BF-DC8B-44CE-A676-36729AB743A4} = {7E0DE3AA-869B-4B6D-8C29-B5B676FA91D7}
		{5067BD5A-D7BC-4E8F-A067-FBFD42A78723} = {7E0DE3AA-869B-4B6D-8C29-B5B676FA91D7}
		{6FD73D61-8F95-4849-AC9E-749BA2DD2041} = {9C16D500-CDB8-11EA-A30B-77F4DD7609A1}
		{9C16D500-CDB8-11EA-A30B-77F4DD7609A1} = {B03DEFA0-9B4F-4E7D-A298-CA733B693E39}
		{9E74AC90-CEF4-11EA-80EC-4317DED4C962} = {B03DEFA0-9B4F-4E7D-A298-CA733B693E39}
		{6203CE32-F36A-4AF7-BBB6-A0144B367E3A} = {9E74AC90-CEF4-11EA-80EC-4317DED4C962}
		{8B9E17E4-AFAC-4811-A78B-F6E56339EDB0} = {B03DEFA0-9B4F-4E7D-A298-CA733B693E39}
		{FACCDEE2-7E9C-429F-86CA-CFB1E2C41BD9} = {8B9E17E4-AFAC-4811-A78B-F6E56339EDB0}
		{E50D131C-EAFA-4489-B14E-8B5D220B4753} = {7E0DE3AA-869B-4B6D-8C29-B5B676FA91D7}
		{D3232950-1EAE-40E6-98DB-D4CF22BF893F} = {B03DEFA0-9B4F-4E7D-A298-CA733B693E39}
		{44413635-97BC-418A-A6DC-5401DDE033F1} = {D3232950-1EAE-40E6-98DB-D4CF22BF893F}
		{839C9BED-7034-4205-A258-2DEB84078150} = {AB642BE0-CF55-11EA-8FB7-27BC7BBA8417}
		{823642F0-D01B-11EA-B37A-416C58322FFD} = {B03DEFA0-9B4F-4E7D-A298-CA733B693E39}
		{0384E268-651F-4226-8D7A-62F7FE489DC8} = {823642F0-D01B-11EA-B37A-416C58322FFD}
		{3BB9313D-7EB8-4B20-AD5F-7744207149F5} = {53A41B58-4E95-4EA1-A844-C7CD0F7D9C22}
		{874F98BB-47D2-449E-A5FC-41EA24D759A8} = {7E0DE3AA-869B-4B6D-8C29-B5B676FA91D7}
		{4D2BE62D-6E8A-46D0-B5D7-68FE5337D8BB} = {B03DEFA0-9B4F-4E7D-A298-CA733B693E39}
		{1B60F957-5182-466D-B89A-D5ADCA65CF99} = {4D2BE62D-6E8A-46D0-B5D7-68FE5337D8BB}
		{3DF8BE5B-5545-47AF-A01B-A1EFFD53C76A} = {AB642BE0-CF55-11EA-8FB7-27BC7BBA8417}
		{3374EB89-5549-4283-BC38-8FA237546814} = {7E0DE3AA-869B-4B6D-8C29-B5B676FA91D7}
		{D58896F0-D79C-11EA-809F-C9D3A094A2C6} = {B03DEFA0-9B4F-4E7D-A298-CA733B693E39}
		{83F2E320-0BFE-4220-84E9-F592C522DA22} = {D58896F0-D79C-11EA-809F-C9D3A094A2C6}
		{3FEA6ADA-9766-40CA-8863-492ED83BC437} = {7E0DE3AA-869B-4B6D-8C29-B5B676FA91D7}
		{F5C473D5-14B9-4D8A-A37D-CE20AEB0ABB8} = {B03DEFA0-9B4F-4E7D-A298-CA733B693E39}
		{4E24B1CD-0A8C-4118-91CF-DF9AE933E8D4} = {F5C473D5-14B9-4D8A-A37D-CE20AEB0ABB8}
	EndGlobalSection
	GlobalSection(ExtensibilityGlobals) = postSolution
		SolutionGuid = {8CBF58BD-693A-4AED-85E9-3F8FCC07DE00}
	EndGlobalSection
EndGlobal
