
Microsoft Visual Studio Solution File, Format Version 12.00
# Visual Studio 15
VisualStudioVersion = 15.0.27703.2042
MinimumVisualStudioVersion = 10.0.40219.1
Project("{9A19103F-16F7-4668-BE54-9A1E7A4F7556}") = "AnyJob.Core", "AnyJob.Core\AnyJob.Core.csproj", "{144A3A46-DCC8-42B6-BB91-D2495A6DC474}"
EndProject
Project("{9A19103F-16F7-4668-BE54-9A1E7A4F7556}") = "AnyJob.Workflow", "AnyJob.Workflow\AnyJob.Workflow.csproj", "{F798D9BD-EAB6-41CA-B1DC-5E86730E568E}"
EndProject
Project("{9A19103F-16F7-4668-BE54-9A1E7A4F7556}") = "AnyJob.Intent", "AnyJob.Intent\AnyJob.Intent.csproj", "{D795DDCB-B616-4369-A7A1-8183F76E695D}"
EndProject
Project("{9A19103F-16F7-4668-BE54-9A1E7A4F7556}") = "AnyJob.Assembly", "AnyJob.Assembly\AnyJob.Assembly.csproj", "{DA09F936-73FF-4CB6-921F-B6189C6B6DE8}"
EndProject
Project("{2150E333-8FDC-42A3-9474-1A3956D46DE8}") = "UnitTest", "UnitTest", "{B03DEFA0-9B4F-4E7D-A298-CA733B693E39}"
EndProject
Project("{9A19103F-16F7-4668-BE54-9A1E7A4F7556}") = "AnyJob.Core.UnitTest", "AnyJob.Core.UnitTest\AnyJob.Core.UnitTest.csproj", "{73557B1E-F612-4951-BD65-9DF8FB061E34}"
EndProject
Project("{9A19103F-16F7-4668-BE54-9A1E7A4F7556}") = "AnyJob.Process", "AnyJob.Process\AnyJob.Process.csproj", "{DCCFBC58-BDF6-4943-B4BD-E0E6CF9A5417}"
EndProject
Project("{9A19103F-16F7-4668-BE54-9A1E7A4F7556}") = "AnyJob.Process.UnitTest", "AnyJob.Process.UnitTest\AnyJob.Process.UnitTest.csproj", "{32C50DB6-BBDC-48FD-BEBD-70D19BC69020}"
EndProject
Project("{FAE04EC0-301F-11D3-BF4B-00C04F79EFBC}") = "AnyJob.App", "AnyJob.App\AnyJob.App.csproj", "{A1DF8275-9FB8-4CE4-B396-209E3EB78859}"
EndProject
Project("{FAE04EC0-301F-11D3-BF4B-00C04F79EFBC}") = "AnyJob.App.UnitTest", "AnyJob.App.UnitTest\AnyJob.App.UnitTest.csproj", "{0AE7871D-68BA-4A20-AE9A-BA3B5157B843}"
EndProject
Project("{FAE04EC0-301F-11D3-BF4B-00C04F79EFBC}") = "AnyJob.Node", "AnyJob.Node\AnyJob.Node.csproj", "{6603AD3D-7F66-476E-9B40-15B36A5459DA}"
EndProject
Project("{FAE04EC0-301F-11D3-BF4B-00C04F79EFBC}") = "AnyJob.Node.UnitTest", "AnyJob.Node.UnitTest\AnyJob.Node.UnitTest.csproj", "{0434C434-D90B-485C-BE6A-69B8648034F4}"
EndProject
Global
	GlobalSection(SolutionConfigurationPlatforms) = preSolution
		Debug|Any CPU = Debug|Any CPU
		Release|Any CPU = Release|Any CPU
	EndGlobalSection
	GlobalSection(ProjectConfigurationPlatforms) = postSolution
		{144A3A46-DCC8-42B6-BB91-D2495A6DC474}.Debug|Any CPU.ActiveCfg = Debug|Any CPU
		{144A3A46-DCC8-42B6-BB91-D2495A6DC474}.Debug|Any CPU.Build.0 = Debug|Any CPU
		{144A3A46-DCC8-42B6-BB91-D2495A6DC474}.Release|Any CPU.ActiveCfg = Release|Any CPU
		{144A3A46-DCC8-42B6-BB91-D2495A6DC474}.Release|Any CPU.Build.0 = Release|Any CPU
		{F798D9BD-EAB6-41CA-B1DC-5E86730E568E}.Debug|Any CPU.ActiveCfg = Debug|Any CPU
		{F798D9BD-EAB6-41CA-B1DC-5E86730E568E}.Debug|Any CPU.Build.0 = Debug|Any CPU
		{F798D9BD-EAB6-41CA-B1DC-5E86730E568E}.Release|Any CPU.ActiveCfg = Release|Any CPU
		{F798D9BD-EAB6-41CA-B1DC-5E86730E568E}.Release|Any CPU.Build.0 = Release|Any CPU
		{D795DDCB-B616-4369-A7A1-8183F76E695D}.Debug|Any CPU.ActiveCfg = Debug|Any CPU
		{D795DDCB-B616-4369-A7A1-8183F76E695D}.Debug|Any CPU.Build.0 = Debug|Any CPU
		{D795DDCB-B616-4369-A7A1-8183F76E695D}.Release|Any CPU.ActiveCfg = Release|Any CPU
		{D795DDCB-B616-4369-A7A1-8183F76E695D}.Release|Any CPU.Build.0 = Release|Any CPU
		{DA09F936-73FF-4CB6-921F-B6189C6B6DE8}.Debug|Any CPU.ActiveCfg = Debug|Any CPU
		{DA09F936-73FF-4CB6-921F-B6189C6B6DE8}.Debug|Any CPU.Build.0 = Debug|Any CPU
		{DA09F936-73FF-4CB6-921F-B6189C6B6DE8}.Release|Any CPU.ActiveCfg = Release|Any CPU
		{DA09F936-73FF-4CB6-921F-B6189C6B6DE8}.Release|Any CPU.Build.0 = Release|Any CPU
		{73557B1E-F612-4951-BD65-9DF8FB061E34}.Debug|Any CPU.ActiveCfg = Debug|Any CPU
		{73557B1E-F612-4951-BD65-9DF8FB061E34}.Debug|Any CPU.Build.0 = Debug|Any CPU
		{73557B1E-F612-4951-BD65-9DF8FB061E34}.Release|Any CPU.ActiveCfg = Release|Any CPU
		{73557B1E-F612-4951-BD65-9DF8FB061E34}.Release|Any CPU.Build.0 = Release|Any CPU
		{DCCFBC58-BDF6-4943-B4BD-E0E6CF9A5417}.Debug|Any CPU.ActiveCfg = Debug|Any CPU
		{DCCFBC58-BDF6-4943-B4BD-E0E6CF9A5417}.Debug|Any CPU.Build.0 = Debug|Any CPU
		{DCCFBC58-BDF6-4943-B4BD-E0E6CF9A5417}.Release|Any CPU.ActiveCfg = Release|Any CPU
		{DCCFBC58-BDF6-4943-B4BD-E0E6CF9A5417}.Release|Any CPU.Build.0 = Release|Any CPU
		{32C50DB6-BBDC-48FD-BEBD-70D19BC69020}.Debug|Any CPU.ActiveCfg = Debug|Any CPU
		{32C50DB6-BBDC-48FD-BEBD-70D19BC69020}.Debug|Any CPU.Build.0 = Debug|Any CPU
		{32C50DB6-BBDC-48FD-BEBD-70D19BC69020}.Release|Any CPU.ActiveCfg = Release|Any CPU
		{32C50DB6-BBDC-48FD-BEBD-70D19BC69020}.Release|Any CPU.Build.0 = Release|Any CPU
		{A1DF8275-9FB8-4CE4-B396-209E3EB78859}.Debug|Any CPU.ActiveCfg = Debug|Any CPU
		{A1DF8275-9FB8-4CE4-B396-209E3EB78859}.Debug|Any CPU.Build.0 = Debug|Any CPU
		{A1DF8275-9FB8-4CE4-B396-209E3EB78859}.Release|Any CPU.ActiveCfg = Release|Any CPU
		{A1DF8275-9FB8-4CE4-B396-209E3EB78859}.Release|Any CPU.Build.0 = Release|Any CPU
		{0AE7871D-68BA-4A20-AE9A-BA3B5157B843}.Debug|Any CPU.ActiveCfg = Debug|Any CPU
		{0AE7871D-68BA-4A20-AE9A-BA3B5157B843}.Debug|Any CPU.Build.0 = Debug|Any CPU
		{0AE7871D-68BA-4A20-AE9A-BA3B5157B843}.Release|Any CPU.ActiveCfg = Release|Any CPU
		{0AE7871D-68BA-4A20-AE9A-BA3B5157B843}.Release|Any CPU.Build.0 = Release|Any CPU
		{6603AD3D-7F66-476E-9B40-15B36A5459DA}.Debug|Any CPU.ActiveCfg = Debug|Any CPU
		{6603AD3D-7F66-476E-9B40-15B36A5459DA}.Debug|Any CPU.Build.0 = Debug|Any CPU
		{6603AD3D-7F66-476E-9B40-15B36A5459DA}.Release|Any CPU.ActiveCfg = Release|Any CPU
		{6603AD3D-7F66-476E-9B40-15B36A5459DA}.Release|Any CPU.Build.0 = Release|Any CPU
		{0434C434-D90B-485C-BE6A-69B8648034F4}.Debug|Any CPU.ActiveCfg = Debug|Any CPU
		{0434C434-D90B-485C-BE6A-69B8648034F4}.Debug|Any CPU.Build.0 = Debug|Any CPU
		{0434C434-D90B-485C-BE6A-69B8648034F4}.Release|Any CPU.ActiveCfg = Release|Any CPU
		{0434C434-D90B-485C-BE6A-69B8648034F4}.Release|Any CPU.Build.0 = Release|Any CPU
	EndGlobalSection
	GlobalSection(SolutionProperties) = preSolution
		HideSolutionNode = FALSE
	EndGlobalSection
	GlobalSection(NestedProjects) = preSolution
		{73557B1E-F612-4951-BD65-9DF8FB061E34} = {B03DEFA0-9B4F-4E7D-A298-CA733B693E39}
		{32C50DB6-BBDC-48FD-BEBD-70D19BC69020} = {B03DEFA0-9B4F-4E7D-A298-CA733B693E39}
		{0AE7871D-68BA-4A20-AE9A-BA3B5157B843} = {B03DEFA0-9B4F-4E7D-A298-CA733B693E39}
		{0434C434-D90B-485C-BE6A-69B8648034F4} = {B03DEFA0-9B4F-4E7D-A298-CA733B693E39}
	EndGlobalSection
	GlobalSection(ExtensibilityGlobals) = postSolution
		SolutionGuid = {8CBF58BD-693A-4AED-85E9-3F8FCC07DE00}
	EndGlobalSection
EndGlobal
